{
  "version": 1,
  "dependencies": {
    "net5.0-windows10.0.19041": {
      "Microsoft.ProjectReunion": {
        "type": "Direct",
        "requested": "[0.8.5, )",
        "resolved": "0.8.5",
        "contentHash": "ULnfd2gjbFG51btQCGTsx8/HCVvWUc09XJmwz3U5eLmVSLCOSdI6hqyJSzux7rXlXD5kJPqoR7i+aiO1QeuaZg==",
        "dependencies": {
          "Microsoft.ProjectReunion.DWrite": "0.8.5",
          "Microsoft.ProjectReunion.Foundation": "0.8.5",
          "Microsoft.ProjectReunion.InteractiveExperiences": "0.8.5",
          "Microsoft.ProjectReunion.WinUI": "0.8.5"
        }
      },
      "Microsoft.ProjectReunion.Foundation": {
        "type": "Direct",
        "requested": "[0.8.5, )",
        "resolved": "0.8.5",
        "contentHash": "xS6bTOK86G5T53eGszWv5A2BQLo56JlFvxHxKnJCkTDs9kjUxYYoa4X5TL21BDWT4ik4NLW6ggHW7/O9jCLXwA=="
      },
      "Microsoft.ProjectReunion.WinUI": {
        "type": "Direct",
        "requested": "[0.8.5, )",
        "resolved": "0.8.5",
        "contentHash": "TQa3xXYVNXI7KU6ItMKCywDZs27t2ptvVrL9ztTnkMVl5xC92rvePQzzgz53O6T1BDoggef3oKDTnEKBpwvNig=="
      },
      "Microsoft.SourceLink.GitHub": {
        "type": "Direct",
        "requested": "[1.1.1, )",
        "resolved": "1.1.1",
        "contentHash": "IaJGnOv/M7UQjRJks7B6p7pbPnOwisYGOIzqCz5ilGFTApZ3ktOR+6zJ12ZRPInulBmdAf1SrGdDG2MU8g6XTw==",
        "dependencies": {
          "Microsoft.Build.Tasks.Git": "1.1.1",
          "Microsoft.SourceLink.Common": "1.1.1"
        }
      },
      "Nerdbank.GitVersioning": {
        "type": "Direct",
        "requested": "[3.4.244, )",
        "resolved": "3.4.244",
        "contentHash": "L+xHZiYgIvMEbHo1X49HxgfUhfh52/TWLOuUDsOP3OAY0QAn+W6SRNA5bvIRBQ4291SlTZUXPbCRPX8bn7H86Q=="
      },
      "DynamicData": {
        "type": "Transitive",
        "resolved": "7.4.3",
        "contentHash": "7eGyREbtzyaRutMa+iToi2e41JboEVK9c1ZBcTvJOfEoTRIZX3hChIsxIvV0ErzMXtGHAIS2O0I8jLDUIds5wg==",
        "dependencies": {
          "System.Reactive": "5.0.0"
        }
      },
      "Microsoft.Build.Tasks.Git": {
        "type": "Transitive",
        "resolved": "1.1.1",
        "contentHash": "AT3HlgTjsqHnWpBHSNeR0KxbLZD7bztlZVj7I8vgeYG9SYqbeFGh0TM/KVtC6fg53nrWHl3VfZFvb5BiQFcY6Q=="
      },
      "Microsoft.ProjectReunion.DWrite": {
        "type": "Transitive",
        "resolved": "0.8.5",
        "contentHash": "35JLFDuThe8yhrTW537EurydrlkwslSbwZWcqGSPgfDtAdpCU+XGF2beGZH+VO04a5voDdx1Ocy8ao0H1SsqAQ=="
      },
      "Microsoft.ProjectReunion.InteractiveExperiences": {
        "type": "Transitive",
        "resolved": "0.8.5",
        "contentHash": "qni6T6RlajHrN4JeW/WK5hyjA6KrsF75dG66E8+FCxAaaQUqWZ+GAr51ySjqjLKcTfqCorYtrKNzbv5B7ZT+6g=="
      },
      "Microsoft.SourceLink.Common": {
        "type": "Transitive",
        "resolved": "1.1.1",
        "contentHash": "WMcGpWKrmJmzrNeuaEb23bEMnbtR/vLmvZtkAP5qWu7vQsY59GqfRJd65sFpBszbd2k/bQ8cs8eWawQKAabkVg=="
      },
      "ReactiveUI": {
        "type": "Transitive",
        "resolved": "16.4.1",
        "contentHash": "g8zOSoE76UZMCd09G8StudiELQyNpMxniUodBaL8IMGK3tuuIywQF0qrsjAIeguX74wTopz7tQATedsp4i3pFQ==",
        "dependencies": {
          "DynamicData": "7.4.3",
          "Splat": "13.1.63"
        }
      },
      "Splat": {
        "type": "Transitive",
        "resolved": "13.1.63",
        "contentHash": "7iW45RA7AbSlQPCgdokmysva5PGd6iBUhuNkC0XD73LF9dxfTkKeo3wZkohU7nvspDhJ7PJsYHvDtxIt5bMQ8Q=="
      },
      "System.Reactive": {
        "type": "Transitive",
        "resolved": "5.0.0",
        "contentHash": "erBZjkQHWL9jpasCE/0qKAryzVBJFxGHVBAvgRN1bzM0q2s1S4oYREEEL0Vb+1kA/6BKb5FjUZMp5VXmy+gzkQ=="
      },
      "reactiveui.winui3.vetuviemgenerator": {
        "type": "Project"
      },
      "vetuviem.core": {
        "type": "Project",
        "dependencies": {
          "ReactiveUI": "16.4.1"
        }
      }
    },
    "net5.0-windows10.0.19041/win10-x64": {},
    "net5.0-windows10.0.19041/win10-x86": {}
  }
}