{
  "version": 1,
  "dependencies": {
    "net6.0-windows10.0.19041": {
      "Microsoft.ProjectReunion": {
        "type": "Direct",
        "requested": "[0.8.6, )",
        "resolved": "0.8.6",
        "contentHash": "CKkEBtsxDGvuxTtwikI7p9cv+a9I0hZ9CHCn/e2bVZzTKHrNCfEDP6ypqXqPIAbKAh94G4ysbXdRnJv6rMH4KA==",
        "dependencies": {
          "Microsoft.ProjectReunion.DWrite": "0.8.6",
          "Microsoft.ProjectReunion.Foundation": "0.8.6",
          "Microsoft.ProjectReunion.InteractiveExperiences": "0.8.6",
          "Microsoft.ProjectReunion.WinUI": "0.8.6"
        }
      },
      "Microsoft.ProjectReunion.Foundation": {
        "type": "Direct",
        "requested": "[0.8.6, )",
        "resolved": "0.8.6",
        "contentHash": "ojlzmBSj1LLd2OO7vPeed/BA1648J+BEIqk7x8pOZN0l2F0GakPP0Z67y0m1n+6OGzmpYW4azX67FzvREbLgeQ=="
      },
      "Microsoft.ProjectReunion.WinUI": {
        "type": "Direct",
        "requested": "[0.8.6, )",
        "resolved": "0.8.6",
        "contentHash": "/rZgiPXLsnK/nLpHYA1goHVmANIHhVOM9+6g9GKnXVHFFvjWM4TppWBCz80HgK+epqH7p0NOWjJTgGZPd8JOIA=="
      },
      "Microsoft.SourceLink.GitHub": {
        "type": "Direct",
        "requested": "[1.1.1, )",
        "resolved": "1.1.1",
        "contentHash": "IaJGnOv/M7UQjRJks7B6p7pbPnOwisYGOIzqCz5ilGFTApZ3ktOR+6zJ12ZRPInulBmdAf1SrGdDG2MU8g6XTw==",
        "dependencies": {
          "Microsoft.Build.Tasks.Git": "1.1.1",
          "Microsoft.SourceLink.Common": "1.1.1"
        }
      },
      "Nerdbank.GitVersioning": {
        "type": "Direct",
        "requested": "[3.4.255, )",
        "resolved": "3.4.255",
        "contentHash": "7aJa6+VzdKNDVJqGIWGtvIDh2HsIx8DIDfUg4yWViXc798awhSohPMk1oiAZqSntnrKThKJtn4vAMRdsCj8dtg=="
      },
      "DynamicData": {
        "type": "Transitive",
        "resolved": "7.4.9",
        "contentHash": "bzw9n1WgfflkhsScIaC7tzPlKFTJkfWVTOg2pjJjqzVqxF63ztaJ7HH306Iyx6bs+pC77fQbtE53UoPTpt+8dQ==",
        "dependencies": {
          "System.Reactive": "5.0.0"
        }
      },
      "Microsoft.Build.Tasks.Git": {
        "type": "Transitive",
        "resolved": "1.1.1",
        "contentHash": "AT3HlgTjsqHnWpBHSNeR0KxbLZD7bztlZVj7I8vgeYG9SYqbeFGh0TM/KVtC6fg53nrWHl3VfZFvb5BiQFcY6Q=="
      },
      "Microsoft.ProjectReunion.DWrite": {
        "type": "Transitive",
        "resolved": "0.8.6",
        "contentHash": "uqYkThj6szP/PC0Y7HtdDQZ3A/h1UIATewg7JX0qyiJ7FH+8+aDW4ft4r5PEOB7VE8Iipv+HIJNlU1+cEp1LJw=="
      },
      "Microsoft.ProjectReunion.InteractiveExperiences": {
        "type": "Transitive",
        "resolved": "0.8.6",
        "contentHash": "0p2gZJNQ4X5nFeLiElbdhfBZ+1XorvzTVkVeykIukbl4ItS0rN87zQQC5qy54obsEdmOAoGlvT94gk7TVqXvcw=="
      },
      "Microsoft.SourceLink.Common": {
        "type": "Transitive",
        "resolved": "1.1.1",
        "contentHash": "WMcGpWKrmJmzrNeuaEb23bEMnbtR/vLmvZtkAP5qWu7vQsY59GqfRJd65sFpBszbd2k/bQ8cs8eWawQKAabkVg=="
      },
      "ReactiveUI": {
        "type": "Transitive",
        "resolved": "17.1.17",
        "contentHash": "0DLq44k4CVvfXcWHE4uigQa/wySOzxOTnWg50j2qZDpWzl9OP7QfIDJo39X3ffEjaVcCUFcbF9xAmm7fRX/q2g==",
        "dependencies": {
          "DynamicData": "7.4.9",
          "Splat": "14.1.17"
        }
      },
      "Splat": {
        "type": "Transitive",
        "resolved": "14.1.17",
        "contentHash": "orBlJcQS4b1VZUlT+sJIensH0MsTYyCJlStT6bRwt71OFqNYD6V1SpkoIt6vKSf8YXgDT7QH/LuwWdLfTyHPrw=="
      },
      "System.Reactive": {
        "type": "Transitive",
        "resolved": "5.0.0",
        "contentHash": "erBZjkQHWL9jpasCE/0qKAryzVBJFxGHVBAvgRN1bzM0q2s1S4oYREEEL0Vb+1kA/6BKb5FjUZMp5VXmy+gzkQ=="
      },
      "reactiveui.winui3.vetuviemgenerator": {
        "type": "Project"
      },
      "vetuviem.core": {
        "type": "Project",
        "dependencies": {
          "ReactiveUI": "17.1.17"
        }
      }
    },
    "net6.0-windows10.0.19041/win10-x64": {},
    "net6.0-windows10.0.19041/win10-x86": {}
  }
}