{
  "version": 1,
  "dependencies": {
    "net6.0-windows10.0.19041": {
      "Microsoft.SourceLink.GitHub": {
        "type": "Direct",
        "requested": "[1.1.1, )",
        "resolved": "1.1.1",
        "contentHash": "IaJGnOv/M7UQjRJks7B6p7pbPnOwisYGOIzqCz5ilGFTApZ3ktOR+6zJ12ZRPInulBmdAf1SrGdDG2MU8g6XTw==",
        "dependencies": {
          "Microsoft.Build.Tasks.Git": "1.1.1",
          "Microsoft.SourceLink.Common": "1.1.1"
        }
      },
      "Nerdbank.GitVersioning": {
        "type": "Direct",
        "requested": "[3.4.255, )",
        "resolved": "3.4.255",
        "contentHash": "7aJa6+VzdKNDVJqGIWGtvIDh2HsIx8DIDfUg4yWViXc798awhSohPMk1oiAZqSntnrKThKJtn4vAMRdsCj8dtg=="
      },
      "ReactiveUI.WPF": {
        "type": "Direct",
        "requested": "[17.1.17, )",
        "resolved": "17.1.17",
        "contentHash": "ddU3hahs2h0HqdVhXxxx+5f492GlA8g3zzHf/x7DhFGasfrRZLhdipu+Ro7RFSLLqtDVy5NfjNMk8BGFLzdOzQ==",
        "dependencies": {
          "ReactiveUI": "17.1.17"
        }
      },
      "DynamicData": {
        "type": "Transitive",
        "resolved": "7.4.9",
        "contentHash": "bzw9n1WgfflkhsScIaC7tzPlKFTJkfWVTOg2pjJjqzVqxF63ztaJ7HH306Iyx6bs+pC77fQbtE53UoPTpt+8dQ==",
        "dependencies": {
          "System.Reactive": "5.0.0"
        }
      },
      "Microsoft.Build.Tasks.Git": {
        "type": "Transitive",
        "resolved": "1.1.1",
        "contentHash": "AT3HlgTjsqHnWpBHSNeR0KxbLZD7bztlZVj7I8vgeYG9SYqbeFGh0TM/KVtC6fg53nrWHl3VfZFvb5BiQFcY6Q=="
      },
      "Microsoft.SourceLink.Common": {
        "type": "Transitive",
        "resolved": "1.1.1",
        "contentHash": "WMcGpWKrmJmzrNeuaEb23bEMnbtR/vLmvZtkAP5qWu7vQsY59GqfRJd65sFpBszbd2k/bQ8cs8eWawQKAabkVg=="
      },
      "ReactiveUI": {
        "type": "Transitive",
        "resolved": "17.1.17",
        "contentHash": "0DLq44k4CVvfXcWHE4uigQa/wySOzxOTnWg50j2qZDpWzl9OP7QfIDJo39X3ffEjaVcCUFcbF9xAmm7fRX/q2g==",
        "dependencies": {
          "DynamicData": "7.4.9",
          "Splat": "14.1.17"
        }
      },
      "Splat": {
        "type": "Transitive",
        "resolved": "14.1.17",
        "contentHash": "orBlJcQS4b1VZUlT+sJIensH0MsTYyCJlStT6bRwt71OFqNYD6V1SpkoIt6vKSf8YXgDT7QH/LuwWdLfTyHPrw=="
      },
      "System.Reactive": {
        "type": "Transitive",
        "resolved": "5.0.0",
        "contentHash": "erBZjkQHWL9jpasCE/0qKAryzVBJFxGHVBAvgRN1bzM0q2s1S4oYREEEL0Vb+1kA/6BKb5FjUZMp5VXmy+gzkQ=="
      },
      "vetuviem.core": {
        "type": "Project",
        "dependencies": {
          "ReactiveUI": "17.1.17"
        }
      }
    }
  }
}