{
  "version": 1,
  "dependencies": {
    "net6.0": {
      "Microsoft.AspNetCore.Components.Web": {
        "type": "Direct",
        "requested": "[6.0.0, )",
        "resolved": "6.0.0",
        "contentHash": "EvTZEhXCqcIxEs01ScF0ts/CyMOzXQIFfcgwTeLae7dQV7WnPEFhqrlD+1l78lA/h+Uer1RvaRbkAScGE/0tyQ==",
        "dependencies": {
          "Microsoft.AspNetCore.Components": "6.0.0",
          "Microsoft.AspNetCore.Components.Forms": "6.0.0",
          "Microsoft.Extensions.DependencyInjection": "6.0.0",
          "Microsoft.JSInterop": "6.0.0",
          "System.IO.Pipelines": "6.0.0"
        }
      },
      "Microsoft.SourceLink.GitHub": {
        "type": "Direct",
        "requested": "[1.1.1, )",
        "resolved": "1.1.1",
        "contentHash": "IaJGnOv/M7UQjRJks7B6p7pbPnOwisYGOIzqCz5ilGFTApZ3ktOR+6zJ12ZRPInulBmdAf1SrGdDG2MU8g6XTw==",
        "dependencies": {
          "Microsoft.Build.Tasks.Git": "1.1.1",
          "Microsoft.SourceLink.Common": "1.1.1"
        }
      },
      "Nerdbank.GitVersioning": {
        "type": "Direct",
        "requested": "[3.4.244, )",
        "resolved": "3.4.244",
        "contentHash": "L+xHZiYgIvMEbHo1X49HxgfUhfh52/TWLOuUDsOP3OAY0QAn+W6SRNA5bvIRBQ4291SlTZUXPbCRPX8bn7H86Q=="
      },
      "ReactiveUI.Blazor": {
        "type": "Direct",
        "requested": "[16.3.10, )",
        "resolved": "16.3.10",
        "contentHash": "xDzT0hdMmK0P8arZm7H2LzYoCA8hgF8jqSHW3jhiMOqgB9qWjhmW93HlQ0L/N3a314W6OTxA695F3wRqK3IAzQ==",
        "dependencies": {
          "Microsoft.AspNetCore.Components": "6.0.0-preview.7.21378.6",
          "Reactive.Wasm": "1.2.2",
          "ReactiveUI": "16.3.10"
        }
      },
      "DynamicData": {
        "type": "Transitive",
        "resolved": "7.4.3",
        "contentHash": "7eGyREbtzyaRutMa+iToi2e41JboEVK9c1ZBcTvJOfEoTRIZX3hChIsxIvV0ErzMXtGHAIS2O0I8jLDUIds5wg==",
        "dependencies": {
          "System.Reactive": "5.0.0"
        }
      },
      "Microsoft.AspNetCore.Authorization": {
        "type": "Transitive",
        "resolved": "6.0.0",
        "contentHash": "HPEhmNwINXzGVWirzmvVxx5/GkoaQJC7vKNIbhOUTzgnRHEf2zO6S2s4lMw3TPFWBGcAlfn6Ta0cVB9f15QC8w==",
        "dependencies": {
          "Microsoft.AspNetCore.Metadata": "6.0.0",
          "Microsoft.Extensions.Logging.Abstractions": "6.0.0",
          "Microsoft.Extensions.Options": "6.0.0"
        }
      },
      "Microsoft.AspNetCore.Components": {
        "type": "Transitive",
        "resolved": "6.0.0",
        "contentHash": "ETks/RMYyiC91P89jL9XNEwTeYlpyzt2+Z584v70h+B9//BO0cc68gAlhz3E0v/9h4NqCSHbTlopvMvj0qxnEg==",
        "dependencies": {
          "Microsoft.AspNetCore.Authorization": "6.0.0",
          "Microsoft.AspNetCore.Components.Analyzers": "6.0.0"
        }
      },
      "Microsoft.AspNetCore.Components.Analyzers": {
        "type": "Transitive",
        "resolved": "6.0.0",
        "contentHash": "2cpebhhUAJXYgvrePJNXzhJfM5u6MAIuu4Nho6LEjQliMtAQ6NcdtYxkezoFxqTrgT1fZR0CSYAxp7k41q6PVQ=="
      },
      "Microsoft.AspNetCore.Components.Forms": {
        "type": "Transitive",
        "resolved": "6.0.0",
        "contentHash": "POjep/9qy79PD/q/5Gai7Xsg6Oybmo10+bVsCkoTrfu1kAO8dWgbQgJWH8I/VMfOPZY/dPgfo+BitqEriWMuKQ==",
        "dependencies": {
          "Microsoft.AspNetCore.Components": "6.0.0"
        }
      },
      "Microsoft.AspNetCore.Metadata": {
        "type": "Transitive",
        "resolved": "6.0.0",
        "contentHash": "giBCvjANLIOqC+DJ84zCkCQnE4ebRTrgVyBe5e0gG3/F8GYzdqSSdtMSAvbOkBQsf0F8dySBPSM59vX6ksOeQg=="
      },
      "Microsoft.Build.Tasks.Git": {
        "type": "Transitive",
        "resolved": "1.1.1",
        "contentHash": "AT3HlgTjsqHnWpBHSNeR0KxbLZD7bztlZVj7I8vgeYG9SYqbeFGh0TM/KVtC6fg53nrWHl3VfZFvb5BiQFcY6Q=="
      },
      "Microsoft.Extensions.DependencyInjection": {
        "type": "Transitive",
        "resolved": "6.0.0",
        "contentHash": "k6PWQMuoBDGGHOQTtyois2u4AwyVcIwL2LaSLlTZQm2CYcJ1pxbt6jfAnpWmzENA/wfrYRI/X9DTLoUkE4AsLw==",
        "dependencies": {
          "Microsoft.Extensions.DependencyInjection.Abstractions": "6.0.0",
          "System.Runtime.CompilerServices.Unsafe": "6.0.0"
        }
      },
      "Microsoft.Extensions.DependencyInjection.Abstractions": {
        "type": "Transitive",
        "resolved": "6.0.0",
        "contentHash": "xlzi2IYREJH3/m6+lUrQlujzX8wDitm4QGnUu6kUXTQAWPuZY8i+ticFJbzfqaetLA6KR/rO6Ew/HuYD+bxifg=="
      },
      "Microsoft.Extensions.Logging.Abstractions": {
        "type": "Transitive",
        "resolved": "6.0.0",
        "contentHash": "/HggWBbTwy8TgebGSX5DBZ24ndhzi93sHUBDvP1IxbZD7FDokYzdAr6+vbWGjw2XAfR2EJ1sfKUotpjHnFWPxA=="
      },
      "Microsoft.Extensions.Options": {
        "type": "Transitive",
        "resolved": "6.0.0",
        "contentHash": "dzXN0+V1AyjOe2xcJ86Qbo233KHuLEY0njf/P2Kw8SfJU+d45HNS2ctJdnEnrWbM9Ye2eFgaC5Mj9otRMU6IsQ==",
        "dependencies": {
          "Microsoft.Extensions.DependencyInjection.Abstractions": "6.0.0",
          "Microsoft.Extensions.Primitives": "6.0.0"
        }
      },
      "Microsoft.Extensions.Primitives": {
        "type": "Transitive",
        "resolved": "6.0.0",
        "contentHash": "9+PnzmQFfEFNR9J2aDTfJGGupShHjOuGw4VUv+JB044biSHrnmCIMD+mJHmb2H7YryrfBEXDurxQ47gJZdCKNQ==",
        "dependencies": {
          "System.Runtime.CompilerServices.Unsafe": "6.0.0"
        }
      },
      "Microsoft.JSInterop": {
        "type": "Transitive",
        "resolved": "6.0.0",
        "contentHash": "M7NyTgOY0vhozRtppvxUDJblgPWBUg6ioJ2vpaKpXVYILB0No8Vrv4HPis+ig5BzaOWd3PR9D3oTovYKGBt3mw=="
      },
      "Microsoft.SourceLink.Common": {
        "type": "Transitive",
        "resolved": "1.1.1",
        "contentHash": "WMcGpWKrmJmzrNeuaEb23bEMnbtR/vLmvZtkAP5qWu7vQsY59GqfRJd65sFpBszbd2k/bQ8cs8eWawQKAabkVg=="
      },
      "Reactive.Wasm": {
        "type": "Transitive",
        "resolved": "1.2.2",
        "contentHash": "dw7s6gHXuRbAZQR1sw0vr/zH4PqDp/SmxBtnG/Epiv326PkIxmN2JtJsUN6tEY8WEA8fVBGZj5ITMomRfwYS9w==",
        "dependencies": {
          "Splat": "7.3.5",
          "System.Reactive": "4.1.5"
        }
      },
      "ReactiveUI": {
        "type": "Transitive",
        "resolved": "16.4.1",
        "contentHash": "g8zOSoE76UZMCd09G8StudiELQyNpMxniUodBaL8IMGK3tuuIywQF0qrsjAIeguX74wTopz7tQATedsp4i3pFQ==",
        "dependencies": {
          "DynamicData": "7.4.3",
          "Splat": "13.1.63"
        }
      },
      "Splat": {
        "type": "Transitive",
        "resolved": "13.1.63",
        "contentHash": "7iW45RA7AbSlQPCgdokmysva5PGd6iBUhuNkC0XD73LF9dxfTkKeo3wZkohU7nvspDhJ7PJsYHvDtxIt5bMQ8Q=="
      },
      "System.IO.Pipelines": {
        "type": "Transitive",
        "resolved": "6.0.0",
        "contentHash": "mXX66shZ4xLlI3vNLaJ0lt8OIZdmXTvIqXRdQX5HLVGSkLhINLsVhyZuX2UdRFnOGkqnwmMUs40pIIQ7mna4+A=="
      },
      "System.Reactive": {
        "type": "Transitive",
        "resolved": "5.0.0",
        "contentHash": "erBZjkQHWL9jpasCE/0qKAryzVBJFxGHVBAvgRN1bzM0q2s1S4oYREEEL0Vb+1kA/6BKb5FjUZMp5VXmy+gzkQ=="
      },
      "System.Runtime.CompilerServices.Unsafe": {
        "type": "Transitive",
        "resolved": "6.0.0",
        "contentHash": "/iUeP3tq1S0XdNNoMz5C9twLSrM/TH+qElHkXWaPvuNOt+99G75NrV0OS2EqHx5wMN7popYjpc8oTjC1y16DLg=="
      },
      "reactiveui.blazor.vetuviemgenerator": {
        "type": "Project"
      },
      "vetuviem.core": {
        "type": "Project",
        "dependencies": {
          "ReactiveUI": "16.4.1"
        }
      }
    }
  }
}