{
  "version": 1,
  "dependencies": {
    "net6.0": {
      "Microsoft.AspNetCore.Components.Web": {
        "type": "Direct",
        "requested": "[6.0.2, )",
        "resolved": "6.0.2",
        "contentHash": "xtQB9yaO7Yki9qHWx48Xuk1/t3cGeOtog+ObSn64rK7knLICd9NpKZa5cw/0ttqzxCo0QHwtk/KAhY9qu4RX7w==",
        "dependencies": {
          "Microsoft.AspNetCore.Components": "6.0.2",
          "Microsoft.AspNetCore.Components.Forms": "6.0.2",
          "Microsoft.Extensions.DependencyInjection": "6.0.0",
          "Microsoft.JSInterop": "6.0.2",
          "System.IO.Pipelines": "6.0.2"
        }
      },
      "Microsoft.SourceLink.GitHub": {
        "type": "Direct",
        "requested": "[1.1.1, )",
        "resolved": "1.1.1",
        "contentHash": "IaJGnOv/M7UQjRJks7B6p7pbPnOwisYGOIzqCz5ilGFTApZ3ktOR+6zJ12ZRPInulBmdAf1SrGdDG2MU8g6XTw==",
        "dependencies": {
          "Microsoft.Build.Tasks.Git": "1.1.1",
          "Microsoft.SourceLink.Common": "1.1.1"
        }
      },
      "Nerdbank.GitVersioning": {
        "type": "Direct",
        "requested": "[3.4.255, )",
        "resolved": "3.4.255",
        "contentHash": "7aJa6+VzdKNDVJqGIWGtvIDh2HsIx8DIDfUg4yWViXc798awhSohPMk1oiAZqSntnrKThKJtn4vAMRdsCj8dtg=="
      },
      "ReactiveUI.Blazor": {
        "type": "Direct",
        "requested": "[17.1.50, )",
        "resolved": "17.1.50",
        "contentHash": "bpS2HQX1F1vzrFMBIWqvSsULRqVLgjT6j+bLVVRPf0LXn3f/OFnp8JGV+MiU3cZWVvlVSzRvIVHYCLvCVbYw8g==",
        "dependencies": {
          "Microsoft.AspNetCore.Components": "6.0.2",
          "Reactive.Wasm": "1.2.2",
          "ReactiveUI": "17.1.50"
        }
      },
      "DynamicData": {
        "type": "Transitive",
        "resolved": "7.5.2",
        "contentHash": "J6nZsHqG+CYWIrRUPQrZqf7o8bhjWESmbIbGfNQAsJmtDNcc/DYfxBFV8wW44n/Dz0RweczrXQgMtWf+m5X8ig==",
        "dependencies": {
          "System.Reactive": "5.0.0"
        }
      },
      "Microsoft.AspNetCore.Authorization": {
        "type": "Transitive",
        "resolved": "6.0.2",
        "contentHash": "AjwO1PjN75weiC0KzznybEZh5rr+VjH3c2wvuRT6Qmd8cv2+/6hBn/peelGkZUzYBY0l7QA22jwmjKKeeNYsIQ==",
        "dependencies": {
          "Microsoft.AspNetCore.Metadata": "6.0.2",
          "Microsoft.Extensions.Logging.Abstractions": "6.0.0",
          "Microsoft.Extensions.Options": "6.0.0"
        }
      },
      "Microsoft.AspNetCore.Components": {
        "type": "Transitive",
        "resolved": "6.0.2",
        "contentHash": "UXojpKtmaJkGRUzGgGY2LcmAqWaubEJ0ewEm/wmchn89hQPuqMG/Zm+Matl1pSMCDIbxuGegYzUs9zIqbS1VNA==",
        "dependencies": {
          "Microsoft.AspNetCore.Authorization": "6.0.2",
          "Microsoft.AspNetCore.Components.Analyzers": "6.0.2"
        }
      },
      "Microsoft.AspNetCore.Components.Analyzers": {
        "type": "Transitive",
        "resolved": "6.0.2",
        "contentHash": "jHMdjIrlqm1T6BqBzCpuMAdj1mSpmcEF0wNXIKh7xS6jKAdKOy8aWKTbFI022dW8ZgjC4UNpp9UTuMDVu9/T/w=="
      },
      "Microsoft.AspNetCore.Components.Forms": {
        "type": "Transitive",
        "resolved": "6.0.2",
        "contentHash": "8cABkvHPvBhwMVzOl3ZzVPafDk/ZcUoCA8I7a9jcndpFYNztqtN6IP7i1KSJYk4EYG5nSEf3v1d4F6ufmTKwSA==",
        "dependencies": {
          "Microsoft.AspNetCore.Components": "6.0.2"
        }
      },
      "Microsoft.AspNetCore.Metadata": {
        "type": "Transitive",
        "resolved": "6.0.2",
        "contentHash": "SE6xWyaY2n9LsfwNwppyqwVIRtS1RcYPaIFoqyTi8HA6l2Zze40lIvdTSTtDQC+EZpdDRmQY3CPQi9ZlCqOwTg=="
      },
      "Microsoft.Build.Tasks.Git": {
        "type": "Transitive",
        "resolved": "1.1.1",
        "contentHash": "AT3HlgTjsqHnWpBHSNeR0KxbLZD7bztlZVj7I8vgeYG9SYqbeFGh0TM/KVtC6fg53nrWHl3VfZFvb5BiQFcY6Q=="
      },
      "Microsoft.Extensions.DependencyInjection": {
        "type": "Transitive",
        "resolved": "6.0.0",
        "contentHash": "k6PWQMuoBDGGHOQTtyois2u4AwyVcIwL2LaSLlTZQm2CYcJ1pxbt6jfAnpWmzENA/wfrYRI/X9DTLoUkE4AsLw==",
        "dependencies": {
          "Microsoft.Extensions.DependencyInjection.Abstractions": "6.0.0",
          "System.Runtime.CompilerServices.Unsafe": "6.0.0"
        }
      },
      "Microsoft.Extensions.DependencyInjection.Abstractions": {
        "type": "Transitive",
        "resolved": "6.0.0",
        "contentHash": "xlzi2IYREJH3/m6+lUrQlujzX8wDitm4QGnUu6kUXTQAWPuZY8i+ticFJbzfqaetLA6KR/rO6Ew/HuYD+bxifg=="
      },
      "Microsoft.Extensions.Logging.Abstractions": {
        "type": "Transitive",
        "resolved": "6.0.0",
        "contentHash": "/HggWBbTwy8TgebGSX5DBZ24ndhzi93sHUBDvP1IxbZD7FDokYzdAr6+vbWGjw2XAfR2EJ1sfKUotpjHnFWPxA=="
      },
      "Microsoft.Extensions.Options": {
        "type": "Transitive",
        "resolved": "6.0.0",
        "contentHash": "dzXN0+V1AyjOe2xcJ86Qbo233KHuLEY0njf/P2Kw8SfJU+d45HNS2ctJdnEnrWbM9Ye2eFgaC5Mj9otRMU6IsQ==",
        "dependencies": {
          "Microsoft.Extensions.DependencyInjection.Abstractions": "6.0.0",
          "Microsoft.Extensions.Primitives": "6.0.0"
        }
      },
      "Microsoft.Extensions.Primitives": {
        "type": "Transitive",
        "resolved": "6.0.0",
        "contentHash": "9+PnzmQFfEFNR9J2aDTfJGGupShHjOuGw4VUv+JB044biSHrnmCIMD+mJHmb2H7YryrfBEXDurxQ47gJZdCKNQ==",
        "dependencies": {
          "System.Runtime.CompilerServices.Unsafe": "6.0.0"
        }
      },
      "Microsoft.JSInterop": {
        "type": "Transitive",
        "resolved": "6.0.2",
        "contentHash": "0Fg5C5U+XNS5Mb5jYojUGaCDjQqV5IuzyETXt+9NA0QXRgedbm0uYjNpjbIOcOroPSIgo1E3VIg0EDNtE2CuYQ=="
      },
      "Microsoft.SourceLink.Common": {
        "type": "Transitive",
        "resolved": "1.1.1",
        "contentHash": "WMcGpWKrmJmzrNeuaEb23bEMnbtR/vLmvZtkAP5qWu7vQsY59GqfRJd65sFpBszbd2k/bQ8cs8eWawQKAabkVg=="
      },
      "Reactive.Wasm": {
        "type": "Transitive",
        "resolved": "1.2.2",
        "contentHash": "dw7s6gHXuRbAZQR1sw0vr/zH4PqDp/SmxBtnG/Epiv326PkIxmN2JtJsUN6tEY8WEA8fVBGZj5ITMomRfwYS9w==",
        "dependencies": {
          "Splat": "7.3.5",
          "System.Reactive": "4.1.5"
        }
      },
      "ReactiveUI": {
        "type": "Transitive",
        "resolved": "17.1.50",
        "contentHash": "UofZH1WMwWNLvFkK2SH+gsYTkUmhFFJO0Pix9YG2RzdHQ92mRFCzHzPO1abeU8/cxzyc9hJHX7sBChzUj53Ulg==",
        "dependencies": {
          "DynamicData": "7.5.2",
          "Splat": "14.1.45"
        }
      },
      "Splat": {
        "type": "Transitive",
        "resolved": "14.1.45",
        "contentHash": "ayHdfTUklD5ci0s9m4uYMccjtkKVjZ9fVPT5q3PN+SnvyD6bjQVRozOfUHwdwh4LAz9ETZjR/tAgrm+IapXKrw=="
      },
      "System.IO.Pipelines": {
        "type": "Transitive",
        "resolved": "6.0.2",
        "contentHash": "cb5OfQjnz+zjpJJei+f3QYK7+wWZrDdNHf3DykO6QCacpNZ80tuNgq1DC2kqlrjfEu+cMUTvulxPIrCMbBkjqg=="
      },
      "System.Reactive": {
        "type": "Transitive",
        "resolved": "5.0.0",
        "contentHash": "erBZjkQHWL9jpasCE/0qKAryzVBJFxGHVBAvgRN1bzM0q2s1S4oYREEEL0Vb+1kA/6BKb5FjUZMp5VXmy+gzkQ=="
      },
      "System.Runtime.CompilerServices.Unsafe": {
        "type": "Transitive",
        "resolved": "6.0.0",
        "contentHash": "/iUeP3tq1S0XdNNoMz5C9twLSrM/TH+qElHkXWaPvuNOt+99G75NrV0OS2EqHx5wMN7popYjpc8oTjC1y16DLg=="
      },
      "reactiveui.blazor.vetuviemgenerator": {
        "type": "Project"
      },
      "vetuviem.core": {
        "type": "Project",
        "dependencies": {
          "ReactiveUI": "17.1.50"
        }
      }
    }
  }
}