{
  "version": 1,
  "dependencies": {
    "net6.0": {
      "Microsoft.AspNetCore.Components.Web": {
        "type": "Direct",
        "requested": "[6.0.3, )",
        "resolved": "6.0.3",
        "contentHash": "otsm2nj+nFPI1rGENDkbbDWWsdn4VKMa3nY6crAMzgXESIiaT0iLSWN3cC3yCUIarTsNJOz4nhT+z6/lkiqKEQ==",
        "dependencies": {
          "Microsoft.AspNetCore.Components": "6.0.3",
          "Microsoft.AspNetCore.Components.Forms": "6.0.3",
          "Microsoft.Extensions.DependencyInjection": "6.0.0",
          "Microsoft.JSInterop": "6.0.3",
          "System.IO.Pipelines": "6.0.2"
        }
      },
      "Microsoft.SourceLink.GitHub": {
        "type": "Direct",
        "requested": "[1.1.1, )",
        "resolved": "1.1.1",
        "contentHash": "IaJGnOv/M7UQjRJks7B6p7pbPnOwisYGOIzqCz5ilGFTApZ3ktOR+6zJ12ZRPInulBmdAf1SrGdDG2MU8g6XTw==",
        "dependencies": {
          "Microsoft.Build.Tasks.Git": "1.1.1",
          "Microsoft.SourceLink.Common": "1.1.1"
        }
      },
      "Nerdbank.GitVersioning": {
        "type": "Direct",
        "requested": "[3.4.255, )",
        "resolved": "3.4.255",
        "contentHash": "7aJa6+VzdKNDVJqGIWGtvIDh2HsIx8DIDfUg4yWViXc798awhSohPMk1oiAZqSntnrKThKJtn4vAMRdsCj8dtg=="
      },
      "ReactiveUI.Blazor": {
        "type": "Direct",
        "requested": "[17.1.50, )",
        "resolved": "17.1.50",
        "contentHash": "bpS2HQX1F1vzrFMBIWqvSsULRqVLgjT6j+bLVVRPf0LXn3f/OFnp8JGV+MiU3cZWVvlVSzRvIVHYCLvCVbYw8g==",
        "dependencies": {
          "Microsoft.AspNetCore.Components": "6.0.2",
          "Reactive.Wasm": "1.2.2",
          "ReactiveUI": "17.1.50"
        }
      },
      "DynamicData": {
        "type": "Transitive",
        "resolved": "7.5.2",
        "contentHash": "J6nZsHqG+CYWIrRUPQrZqf7o8bhjWESmbIbGfNQAsJmtDNcc/DYfxBFV8wW44n/Dz0RweczrXQgMtWf+m5X8ig==",
        "dependencies": {
          "System.Reactive": "5.0.0"
        }
      },
      "Microsoft.AspNetCore.Authorization": {
        "type": "Transitive",
        "resolved": "6.0.3",
        "contentHash": "eWgsWE7IY7Az2lGBvoYk20290ZqTI0Y9ATyprrwfaC7w8MvBXu2jU+tv90Zt6lbEE3RP55XL+dFydGExcunHbw==",
        "dependencies": {
          "Microsoft.AspNetCore.Metadata": "6.0.3",
          "Microsoft.Extensions.Logging.Abstractions": "6.0.1",
          "Microsoft.Extensions.Options": "6.0.0"
        }
      },
      "Microsoft.AspNetCore.Components": {
        "type": "Transitive",
        "resolved": "6.0.3",
        "contentHash": "Mqk/tAA+RWBnaz8uhn18VaEqVIY/G6LTpBX+Ap65/3vq4RwFZIDFK8gYMrV3JSQXkBYk3rYxPtwgEutCt4ZGww==",
        "dependencies": {
          "Microsoft.AspNetCore.Authorization": "6.0.3",
          "Microsoft.AspNetCore.Components.Analyzers": "6.0.3"
        }
      },
      "Microsoft.AspNetCore.Components.Analyzers": {
        "type": "Transitive",
        "resolved": "6.0.3",
        "contentHash": "zM6GIzF9bAnjVhiXNFQ2viF7W9FPASHjiDmV53M+ArRKBS8LFvzTfC4sgGYDoaikxm+zdx9mH7x98I1Dh3/INQ=="
      },
      "Microsoft.AspNetCore.Components.Forms": {
        "type": "Transitive",
        "resolved": "6.0.3",
        "contentHash": "bSGNnkAAzalMJl3Kv4HIOZ2sVeIc/+UopY27fO8v5Km9mS3jMzDiuCdvi4pXgnSsJj/bFjjO5KASd/KB9feFkw==",
        "dependencies": {
          "Microsoft.AspNetCore.Components": "6.0.3"
        }
      },
      "Microsoft.AspNetCore.Metadata": {
        "type": "Transitive",
        "resolved": "6.0.3",
        "contentHash": "I3FVSfaLdSLs4XmBq5DbK7PuVF/aSf0Xc63/AeNIJFt6/chYvcJaxnKbd4yZo9OXGw5OT9KOIxGWZ/2CucvgJw=="
      },
      "Microsoft.Build.Tasks.Git": {
        "type": "Transitive",
        "resolved": "1.1.1",
        "contentHash": "AT3HlgTjsqHnWpBHSNeR0KxbLZD7bztlZVj7I8vgeYG9SYqbeFGh0TM/KVtC6fg53nrWHl3VfZFvb5BiQFcY6Q=="
      },
      "Microsoft.Extensions.DependencyInjection": {
        "type": "Transitive",
        "resolved": "6.0.0",
        "contentHash": "k6PWQMuoBDGGHOQTtyois2u4AwyVcIwL2LaSLlTZQm2CYcJ1pxbt6jfAnpWmzENA/wfrYRI/X9DTLoUkE4AsLw==",
        "dependencies": {
          "Microsoft.Extensions.DependencyInjection.Abstractions": "6.0.0",
          "System.Runtime.CompilerServices.Unsafe": "6.0.0"
        }
      },
      "Microsoft.Extensions.DependencyInjection.Abstractions": {
        "type": "Transitive",
        "resolved": "6.0.0",
        "contentHash": "xlzi2IYREJH3/m6+lUrQlujzX8wDitm4QGnUu6kUXTQAWPuZY8i+ticFJbzfqaetLA6KR/rO6Ew/HuYD+bxifg=="
      },
      "Microsoft.Extensions.Logging.Abstractions": {
        "type": "Transitive",
        "resolved": "6.0.1",
        "contentHash": "dzB2Cgg+JmrouhjkcQGzSFjjvpwlq353i8oBQO2GWNjCXSzhbtBRUf28HSauWe7eib3wYOdb3tItdjRwAdwCSg=="
      },
      "Microsoft.Extensions.Options": {
        "type": "Transitive",
        "resolved": "6.0.0",
        "contentHash": "dzXN0+V1AyjOe2xcJ86Qbo233KHuLEY0njf/P2Kw8SfJU+d45HNS2ctJdnEnrWbM9Ye2eFgaC5Mj9otRMU6IsQ==",
        "dependencies": {
          "Microsoft.Extensions.DependencyInjection.Abstractions": "6.0.0",
          "Microsoft.Extensions.Primitives": "6.0.0"
        }
      },
      "Microsoft.Extensions.Primitives": {
        "type": "Transitive",
        "resolved": "6.0.0",
        "contentHash": "9+PnzmQFfEFNR9J2aDTfJGGupShHjOuGw4VUv+JB044biSHrnmCIMD+mJHmb2H7YryrfBEXDurxQ47gJZdCKNQ==",
        "dependencies": {
          "System.Runtime.CompilerServices.Unsafe": "6.0.0"
        }
      },
      "Microsoft.JSInterop": {
        "type": "Transitive",
        "resolved": "6.0.3",
        "contentHash": "3QCDEyxcjhfQQeGRGtJFP4F8ne4D6Gf2w1nkdQCRy79yzSGHcoUbBkziVVmoppRbipIh9ickyHD7wXB+m0GiIw=="
      },
      "Microsoft.SourceLink.Common": {
        "type": "Transitive",
        "resolved": "1.1.1",
        "contentHash": "WMcGpWKrmJmzrNeuaEb23bEMnbtR/vLmvZtkAP5qWu7vQsY59GqfRJd65sFpBszbd2k/bQ8cs8eWawQKAabkVg=="
      },
      "Reactive.Wasm": {
        "type": "Transitive",
        "resolved": "1.2.2",
        "contentHash": "dw7s6gHXuRbAZQR1sw0vr/zH4PqDp/SmxBtnG/Epiv326PkIxmN2JtJsUN6tEY8WEA8fVBGZj5ITMomRfwYS9w==",
        "dependencies": {
          "Splat": "7.3.5",
          "System.Reactive": "4.1.5"
        }
      },
      "ReactiveUI": {
        "type": "Transitive",
        "resolved": "17.1.50",
        "contentHash": "UofZH1WMwWNLvFkK2SH+gsYTkUmhFFJO0Pix9YG2RzdHQ92mRFCzHzPO1abeU8/cxzyc9hJHX7sBChzUj53Ulg==",
        "dependencies": {
          "DynamicData": "7.5.2",
          "Splat": "14.1.45"
        }
      },
      "Splat": {
        "type": "Transitive",
        "resolved": "14.1.45",
        "contentHash": "ayHdfTUklD5ci0s9m4uYMccjtkKVjZ9fVPT5q3PN+SnvyD6bjQVRozOfUHwdwh4LAz9ETZjR/tAgrm+IapXKrw=="
      },
      "System.IO.Pipelines": {
        "type": "Transitive",
        "resolved": "6.0.2",
        "contentHash": "cb5OfQjnz+zjpJJei+f3QYK7+wWZrDdNHf3DykO6QCacpNZ80tuNgq1DC2kqlrjfEu+cMUTvulxPIrCMbBkjqg=="
      },
      "System.Reactive": {
        "type": "Transitive",
        "resolved": "5.0.0",
        "contentHash": "erBZjkQHWL9jpasCE/0qKAryzVBJFxGHVBAvgRN1bzM0q2s1S4oYREEEL0Vb+1kA/6BKb5FjUZMp5VXmy+gzkQ=="
      },
      "System.Runtime.CompilerServices.Unsafe": {
        "type": "Transitive",
        "resolved": "6.0.0",
        "contentHash": "/iUeP3tq1S0XdNNoMz5C9twLSrM/TH+qElHkXWaPvuNOt+99G75NrV0OS2EqHx5wMN7popYjpc8oTjC1y16DLg=="
      },
      "reactiveui.blazor.vetuviemgenerator": {
        "type": "Project"
      },
      "vetuviem.core": {
        "type": "Project",
        "dependencies": {
          "ReactiveUI": "17.1.50"
        }
      }
    }
  }
}