{
  "version": 1,
  "dependencies": {
    "net5.0-windows7.0": {
      "Microsoft.SourceLink.GitHub": {
        "type": "Direct",
        "requested": "[1.1.1, )",
        "resolved": "1.1.1",
        "contentHash": "IaJGnOv/M7UQjRJks7B6p7pbPnOwisYGOIzqCz5ilGFTApZ3ktOR+6zJ12ZRPInulBmdAf1SrGdDG2MU8g6XTw==",
        "dependencies": {
          "Microsoft.Build.Tasks.Git": "1.1.1",
          "Microsoft.SourceLink.Common": "1.1.1"
        }
      },
      "Nerdbank.GitVersioning": {
        "type": "Direct",
        "requested": "[3.4.244, )",
        "resolved": "3.4.244",
        "contentHash": "L+xHZiYgIvMEbHo1X49HxgfUhfh52/TWLOuUDsOP3OAY0QAn+W6SRNA5bvIRBQ4291SlTZUXPbCRPX8bn7H86Q=="
      },
      "ReactiveUI.WPF": {
        "type": "Direct",
        "requested": "[16.4.1, )",
        "resolved": "16.4.1",
        "contentHash": "qpftspp31R94AjkeLxMdW+XjLcp2T5+fbClC+tAk3ahiTPIM1gydSUcK2q/B39yPMAmdVt5Z7KtoF2pdxRWzdA==",
        "dependencies": {
          "ReactiveUI": "16.4.1"
        }
      },
      "DynamicData": {
        "type": "Transitive",
        "resolved": "7.4.3",
        "contentHash": "7eGyREbtzyaRutMa+iToi2e41JboEVK9c1ZBcTvJOfEoTRIZX3hChIsxIvV0ErzMXtGHAIS2O0I8jLDUIds5wg==",
        "dependencies": {
          "System.Reactive": "5.0.0"
        }
      },
      "Microsoft.Build.Tasks.Git": {
        "type": "Transitive",
        "resolved": "1.1.1",
        "contentHash": "AT3HlgTjsqHnWpBHSNeR0KxbLZD7bztlZVj7I8vgeYG9SYqbeFGh0TM/KVtC6fg53nrWHl3VfZFvb5BiQFcY6Q=="
      },
      "Microsoft.SourceLink.Common": {
        "type": "Transitive",
        "resolved": "1.1.1",
        "contentHash": "WMcGpWKrmJmzrNeuaEb23bEMnbtR/vLmvZtkAP5qWu7vQsY59GqfRJd65sFpBszbd2k/bQ8cs8eWawQKAabkVg=="
      },
      "ReactiveUI": {
        "type": "Transitive",
        "resolved": "16.4.1",
        "contentHash": "g8zOSoE76UZMCd09G8StudiELQyNpMxniUodBaL8IMGK3tuuIywQF0qrsjAIeguX74wTopz7tQATedsp4i3pFQ==",
        "dependencies": {
          "DynamicData": "7.4.3",
          "Splat": "13.1.63"
        }
      },
      "Splat": {
        "type": "Transitive",
        "resolved": "13.1.63",
        "contentHash": "7iW45RA7AbSlQPCgdokmysva5PGd6iBUhuNkC0XD73LF9dxfTkKeo3wZkohU7nvspDhJ7PJsYHvDtxIt5bMQ8Q=="
      },
      "System.Reactive": {
        "type": "Transitive",
        "resolved": "5.0.0",
        "contentHash": "erBZjkQHWL9jpasCE/0qKAryzVBJFxGHVBAvgRN1bzM0q2s1S4oYREEEL0Vb+1kA/6BKb5FjUZMp5VXmy+gzkQ=="
      },
      "reactiveui.wpf.viewtoviewmodelbindings": {
        "type": "Project",
        "dependencies": {
          "ReactiveUI.WPF": "16.4.1",
          "Vetuviem.Core": "1.0.0"
        }
      },
      "vetuviem.core": {
        "type": "Project",
        "dependencies": {
          "ReactiveUI": "16.4.1"
        }
      }
    }
  }
}