{
  "version": 1,
  "dependencies": {
    ".NETCoreApp,Version=v5.0": {
      "Microsoft.SourceLink.GitHub": {
        "type": "Direct",
        "requested": "[1.0.0, )",
        "resolved": "1.0.0",
        "contentHash": "aZyGyGg2nFSxix+xMkPmlmZSsnGQ3w+mIG23LTxJZHN+GPwTQ5FpPgDo7RMOq+Kcf5D4hFWfXkGhoGstawX13Q==",
        "dependencies": {
          "Microsoft.Build.Tasks.Git": "1.0.0",
          "Microsoft.SourceLink.Common": "1.0.0"
        }
      },
      "Nerdbank.GitVersioning": {
        "type": "Direct",
        "requested": "[3.4.231, )",
        "resolved": "3.4.231",
        "contentHash": "ifpSbv0sySgIVymTQQz0pjI6O7o/JxnIQMlj28JF5Ybr1LoUTcMfoKnAKwteRlhpQM9qJmONGy9M8BgrEcOteg=="
      },
      "ReactiveUI.WPF": {
        "type": "Direct",
        "requested": "[16.2.1, )",
        "resolved": "16.2.1",
        "contentHash": "/jSHwzj40sQsJVd3WREXQUbKlaTZ31f/CwUNdE9SvZTzevVk8oct6UYbW39qdLioN1zTl6lbMrIghNZQ8ZmyKQ==",
        "dependencies": {
          "ReactiveUI": "16.2.1"
        }
      },
      "DynamicData": {
        "type": "Transitive",
        "resolved": "7.3.1",
        "contentHash": "E9oTvWlAgzct0MuWt6k+0s+nSDA3LkFVvDwkMUTklIZZnva314KZAEF2vG4XX9I98ia+EpMqjte67jWEBJlsRw==",
        "dependencies": {
          "System.Reactive": "5.0.0"
        }
      },
      "Microsoft.Build.Tasks.Git": {
        "type": "Transitive",
        "resolved": "1.0.0",
        "contentHash": "z2fpmmt+1Jfl+ZnBki9nSP08S1/tbEOxFdsK1rSR+LBehIJz1Xv9/6qOOoGNqlwnAGGVGis1Oj6S8Kt9COEYlQ=="
      },
      "Microsoft.SourceLink.Common": {
        "type": "Transitive",
        "resolved": "1.0.0",
        "contentHash": "G8DuQY8/DK5NN+3jm5wcMcd9QYD90UV7MiLmdljSJixi3U/vNaeBKmmXUqI4DJCOeWizIUEh4ALhSt58mR+5eg=="
      },
      "ReactiveUI": {
        "type": "Transitive",
        "resolved": "16.2.1",
        "contentHash": "nfhLpK7D/LQF3EA2UY9GU1MsFs+VJaLLVX3yFv2xL9p/WZzZWIyNWd0Irwcoc5yhomg6Xv7Mk/MAB7IclHpr4Q==",
        "dependencies": {
          "DynamicData": "7.3.1",
          "Splat": "13.1.1"
        }
      },
      "Splat": {
        "type": "Transitive",
        "resolved": "13.1.1",
        "contentHash": "Hv41NNJwYEoxjpCrUw0BdzN17YLZrduhrnHgJyXatSgT6Dq/N/viVkPLfohCeoXf7MqA6ppB/AxtUGU3vJ7YEA=="
      },
      "System.Reactive": {
        "type": "Transitive",
        "resolved": "5.0.0",
        "contentHash": "erBZjkQHWL9jpasCE/0qKAryzVBJFxGHVBAvgRN1bzM0q2s1S4oYREEEL0Vb+1kA/6BKb5FjUZMp5VXmy+gzkQ=="
      },
      "reactiveui.wpf.viewtoviewmodelbindings": {
        "type": "Project",
        "dependencies": {
          "ReactiveUI.WPF": "16.2.1",
          "Vetuviem.Core": "1.0.0"
        }
      },
      "vetuviem.core": {
        "type": "Project",
        "dependencies": {
          "ReactiveUI": "16.2.1"
        }
      }
    }
  }
}